
Microsoft Visual Studio Solution File, Format Version 12.00
# Visual Studio Version 17
VisualStudioVersion = 17.10.34928.147
MinimumVisualStudioVersion = 10.0.40219.1
Project("{FAE04EC0-301F-11D3-BF4B-00C04F79EFBC}") = "Dataman", "Dataman\Dataman.csproj", "{36E05F73-2F35-4788-9678-5009B9C6F193}"
EndProject
Global
	GlobalSection(SolutionConfigurationPlatforms) = preSolution
		Debug|Any CPU = Debug|Any CPU
		Release|Any CPU = Release|Any CPU
	EndGlobalSection
	GlobalSection(ProjectConfigurationPlatforms) = postSolution
		{36E05F73-2F35-4788-9678-5009B9C6F193}.Debug|Any CPU.ActiveCfg = Debug|Any CPU
		{36E05F73-2F35-4788-9678-5009B9C6F193}.Debug|Any CPU.Build.0 = Debug|Any CPU
		{36E05F73-2F35-4788-9678-5009B9C6F193}.Release|Any CPU.ActiveCfg = Release|Any CPU
		{36E05F73-2F35-4788-9678-5009B9C6F193}.Release|Any CPU.Build.0 = Release|Any CPU
	EndGlobalSection
	GlobalSection(SolutionProperties) = preSolution
		HideSolutionNode = FALSE
	EndGlobalSection
	GlobalSection(ExtensibilityGlobals) = postSolution
		SolutionGuid = {E8B32BF0-A39F-4F6B-AC4E-6ABF1CABE03D}
	EndGlobalSection
EndGlobal
